
Microsoft Visual Studio Solution File, Format Version 12.00
# Visual Studio 15
VisualStudioVersion = 15.0.28307.779
MinimumVisualStudioVersion = 10.0.40219.1
Project("{FAE04EC0-301F-11D3-BF4B-00C04F79EFBC}") = "HappySitter", "HappySitter\HappySitter.csproj", "{C20EF4B1-7884-4F5A-843D-C18A9593FEF3}"
EndProject
Global
	GlobalSection(SolutionConfigurationPlatforms) = preSolution
		Debug|Any CPU = Debug|Any CPU
		Release|Any CPU = Release|Any CPU
	EndGlobalSection
	GlobalSection(ProjectConfigurationPlatforms) = postSolution
		{C20EF4B1-7884-4F5A-843D-C18A9593FEF3}.Debug|Any CPU.ActiveCfg = Debug|Any CPU
		{C20EF4B1-7884-4F5A-843D-C18A9593FEF3}.Debug|Any CPU.Build.0 = Debug|Any CPU
		{C20EF4B1-7884-4F5A-843D-C18A9593FEF3}.Release|Any CPU.ActiveCfg = Release|Any CPU
		{C20EF4B1-7884-4F5A-843D-C18A9593FEF3}.Release|Any CPU.Build.0 = Release|Any CPU
	EndGlobalSection
	GlobalSection(SolutionProperties) = preSolution
		HideSolutionNode = FALSE
	EndGlobalSection
	GlobalSection(ExtensibilityGlobals) = postSolution
		SolutionGuid = {EBFD3B67-55E0-4551-B8AE-4D20C4D1CB7D}
	EndGlobalSection
EndGlobal
